
Microsoft Visual Studio Solution File, Format Version 12.00
# Visual Studio Version 17
VisualStudioVersion = 17.0.32014.148
MinimumVisualStudioVersion = 10.0.40219.1
Project("{9A19103F-16F7-4668-BE54-9A1E7A4F7556}") = "AlsuExample", "AlsuExample\AlsuExample.csproj", "{E7C513A3-A157-4AF6-891F-B5365AEF1C2C}"
EndProject
Project("{FAE04EC0-301F-11D3-BF4B-00C04F79EFBC}") = "SF2022User08Lib", "SF2022User08Lib\SF2022User08Lib.csproj", "{9148F909-9A03-49BB-B766-A4CB2F674202}"
EndProject
Project("{FAE04EC0-301F-11D3-BF4B-00C04F79EFBC}") = "ConsoleApp1", "ConsoleApp1\ConsoleApp1.csproj", "{C273C1DB-E40F-4DDA-967E-64BB88F374A9}"
EndProject
Global
	GlobalSection(SolutionConfigurationPlatforms) = preSolution
		Debug|Any CPU = Debug|Any CPU
		Release|Any CPU = Release|Any CPU
	EndGlobalSection
	GlobalSection(ProjectConfigurationPlatforms) = postSolution
		{E7C513A3-A157-4AF6-891F-B5365AEF1C2C}.Debug|Any CPU.ActiveCfg = Debug|Any CPU
		{E7C513A3-A157-4AF6-891F-B5365AEF1C2C}.Debug|Any CPU.Build.0 = Debug|Any CPU
		{E7C513A3-A157-4AF6-891F-B5365AEF1C2C}.Release|Any CPU.ActiveCfg = Release|Any CPU
		{E7C513A3-A157-4AF6-891F-B5365AEF1C2C}.Release|Any CPU.Build.0 = Release|Any CPU
		{9148F909-9A03-49BB-B766-A4CB2F674202}.Debug|Any CPU.ActiveCfg = Debug|Any CPU
		{9148F909-9A03-49BB-B766-A4CB2F674202}.Debug|Any CPU.Build.0 = Debug|Any CPU
		{9148F909-9A03-49BB-B766-A4CB2F674202}.Release|Any CPU.ActiveCfg = Release|Any CPU
		{9148F909-9A03-49BB-B766-A4CB2F674202}.Release|Any CPU.Build.0 = Release|Any CPU
		{C273C1DB-E40F-4DDA-967E-64BB88F374A9}.Debug|Any CPU.ActiveCfg = Debug|Any CPU
		{C273C1DB-E40F-4DDA-967E-64BB88F374A9}.Debug|Any CPU.Build.0 = Debug|Any CPU
		{C273C1DB-E40F-4DDA-967E-64BB88F374A9}.Release|Any CPU.ActiveCfg = Release|Any CPU
		{C273C1DB-E40F-4DDA-967E-64BB88F374A9}.Release|Any CPU.Build.0 = Release|Any CPU
	EndGlobalSection
	GlobalSection(SolutionProperties) = preSolution
		HideSolutionNode = FALSE
	EndGlobalSection
	GlobalSection(ExtensibilityGlobals) = postSolution
		SolutionGuid = {783F2F50-F586-4787-B28C-65840205FAAC}
	EndGlobalSection
EndGlobal
